// !$*UTF8*$!
{
	archiveVersion = 1;
	classes = {
	};
	objectVersion = 46;
	objects = {

/* Begin PBXBuildFile section */
		0685A574FD1CCCD15211A1AA /* Pods.framework in Frameworks */ = {isa = PBXBuildFile; fileRef = 24B369D574C3B43380993CC6 /* Pods.framework */; };
		B90810E61D84F86D003735B9 /* MyAnnotation.swift in Sources */ = {isa = PBXBuildFile; fileRef = B90810E51D84F86D003735B9 /* MyAnnotation.swift */; };
		B90810E91D854B95003735B9 /* Ship.swift in Sources */ = {isa = PBXBuildFile; fileRef = B90810E81D854B95003735B9 /* Ship.swift */; };
		B90810EB1D854C1E003735B9 /* TabBarController.swift in Sources */ = {isa = PBXBuildFile; fileRef = B90810EA1D854C1E003735B9 /* TabBarController.swift */; };
		B9244C1D1D8578C800E2809E /* Podfile in Resources */ = {isa = PBXBuildFile; fileRef = B9244C1C1D8578C800E2809E /* Podfile */; };
		B9244C201D857F1900E2809E /* ShipInfoViewController.swift in Sources */ = {isa = PBXBuildFile; fileRef = B9244C1F1D857F1900E2809E /* ShipInfoViewController.swift */; };
		B9244C221D85856500E2809E /* DimmingPresentationController.swift in Sources */ = {isa = PBXBuildFile; fileRef = B9244C211D85856500E2809E /* DimmingPresentationController.swift */; };
		B9244C241D85896500E2809E /* GradientView.swift in Sources */ = {isa = PBXBuildFile; fileRef = B9244C231D85896500E2809E /* GradientView.swift */; };
		B93553841D82A9DA00B33174 /* MapViewController.swift in Sources */ = {isa = PBXBuildFile; fileRef = B93553831D82A9DA00B33174 /* MapViewController.swift */; };
		B93553861D82AA1300B33174 /* UserViewController.swift in Sources */ = {isa = PBXBuildFile; fileRef = B93553851D82AA1300B33174 /* UserViewController.swift */; };
		B93553881D82DDB700B33174 /* WebViewController.swift in Sources */ = {isa = PBXBuildFile; fileRef = B93553871D82DDB700B33174 /* WebViewController.swift */; };
		B935538A1D82EAFC00B33174 /* ServiceViewController.swift in Sources */ = {isa = PBXBuildFile; fileRef = B93553891D82EAFC00B33174 /* ServiceViewController.swift */; };
		B93553911D84361800B33174 /* GridView.swift in Sources */ = {isa = PBXBuildFile; fileRef = B93553901D84361800B33174 /* GridView.swift */; };
		B943B57D1D82A5500083AB5C /* Functions.swift in Sources */ = {isa = PBXBuildFile; fileRef = B943B57C1D82A5500083AB5C /* Functions.swift */; };
		B943B5801D82A5940083AB5C /* Values.swift in Sources */ = {isa = PBXBuildFile; fileRef = B943B57F1D82A5940083AB5C /* Values.swift */; };
		B99784831D82992D007FF20E /* AppDelegate.swift in Sources */ = {isa = PBXBuildFile; fileRef = B99784821D82992D007FF20E /* AppDelegate.swift */; };
		B99784851D82992D007FF20E /* HomepageViewController.swift in Sources */ = {isa = PBXBuildFile; fileRef = B99784841D82992D007FF20E /* HomepageViewController.swift */; };
		B99784881D82992D007FF20E /* Main.storyboard in Resources */ = {isa = PBXBuildFile; fileRef = B99784861D82992D007FF20E /* Main.storyboard */; };
		B997848B1D82992E007FF20E /* zytyumin_iOS.xcdatamodeld in Sources */ = {isa = PBXBuildFile; fileRef = B99784891D82992E007FF20E /* zytyumin_iOS.xcdatamodeld */; };
		B997848D1D82992E007FF20E /* Assets.xcassets in Resources */ = {isa = PBXBuildFile; fileRef = B997848C1D82992E007FF20E /* Assets.xcassets */; };
		B99784901D82992E007FF20E /* LaunchScreen.storyboard in Resources */ = {isa = PBXBuildFile; fileRef = B997848E1D82992E007FF20E /* LaunchScreen.storyboard */; };
		B9AE5EA81D858B40003D9CF7 /* BounceAnimationController.swift in Sources */ = {isa = PBXBuildFile; fileRef = B9AE5EA71D858B40003D9CF7 /* BounceAnimationController.swift */; };
		B9AE5EAA1D858C2E003D9CF7 /* SlideOutAnimationController.swift in Sources */ = {isa = PBXBuildFile; fileRef = B9AE5EA91D858C2E003D9CF7 /* SlideOutAnimationController.swift */; };
		B9AE5EAC1D859794003D9CF7 /* LoginViewController.swift in Sources */ = {isa = PBXBuildFile; fileRef = B9AE5EAB1D859794003D9CF7 /* LoginViewController.swift */; };
		B9AE5EAE1D8632BE003D9CF7 /* SignupViewController.swift in Sources */ = {isa = PBXBuildFile; fileRef = B9AE5EAD1D8632BE003D9CF7 /* SignupViewController.swift */; };
/* End PBXBuildFile section */

/* Begin PBXFileReference section */
		1F58680F4900C270D2D271CC /* Pods.debug.xcconfig */ = {isa = PBXFileReference; includeInIndex = 1; lastKnownFileType = text.xcconfig; name = Pods.debug.xcconfig; path = "Pods/Target Support Files/Pods/Pods.debug.xcconfig"; sourceTree = "<group>"; };
		24B369D574C3B43380993CC6 /* Pods.framework */ = {isa = PBXFileReference; explicitFileType = wrapper.framework; includeInIndex = 0; path = Pods.framework; sourceTree = BUILT_PRODUCTS_DIR; };
		604B702F45E618A5660A12FB /* Pods.release.xcconfig */ = {isa = PBXFileReference; includeInIndex = 1; lastKnownFileType = text.xcconfig; name = Pods.release.xcconfig; path = "Pods/Target Support Files/Pods/Pods.release.xcconfig"; sourceTree = "<group>"; };
		B90810E21D84DA5C003735B9 /* zytyumin-iOS-Bridging-Header.h */ = {isa = PBXFileReference; lastKnownFileType = sourcecode.c.h; path = "zytyumin-iOS-Bridging-Header.h"; sourceTree = "<group>"; };
		B90810E51D84F86D003735B9 /* MyAnnotation.swift */ = {isa = PBXFileReference; fileEncoding = 4; lastKnownFileType = sourcecode.swift; path = MyAnnotation.swift; sourceTree = "<group>"; };
		B90810E81D854B95003735B9 /* Ship.swift */ = {isa = PBXFileReference; fileEncoding = 4; lastKnownFileType = sourcecode.swift; path = Ship.swift; sourceTree = "<group>"; };
		B90810EA1D854C1E003735B9 /* TabBarController.swift */ = {isa = PBXFileReference; fileEncoding = 4; lastKnownFileType = sourcecode.swift; path = TabBarController.swift; sourceTree = "<group>"; };
		B9244C1C1D8578C800E2809E /* Podfile */ = {isa = PBXFileReference; fileEncoding = 4; lastKnownFileType = text; path = Podfile; sourceTree = SOURCE_ROOT; };
		B9244C1F1D857F1900E2809E /* ShipInfoViewController.swift */ = {isa = PBXFileReference; fileEncoding = 4; lastKnownFileType = sourcecode.swift; path = ShipInfoViewController.swift; sourceTree = "<group>"; };
		B9244C211D85856500E2809E /* DimmingPresentationController.swift */ = {isa = PBXFileReference; fileEncoding = 4; lastKnownFileType = sourcecode.swift; path = DimmingPresentationController.swift; sourceTree = "<group>"; };
		B9244C231D85896500E2809E /* GradientView.swift */ = {isa = PBXFileReference; fileEncoding = 4; lastKnownFileType = sourcecode.swift; path = GradientView.swift; sourceTree = "<group>"; };
		B93553831D82A9DA00B33174 /* MapViewController.swift */ = {isa = PBXFileReference; fileEncoding = 4; lastKnownFileType = sourcecode.swift; path = MapViewController.swift; sourceTree = "<group>"; };
		B93553851D82AA1300B33174 /* UserViewController.swift */ = {isa = PBXFileReference; fileEncoding = 4; lastKnownFileType = sourcecode.swift; path = UserViewController.swift; sourceTree = "<group>"; };
		B93553871D82DDB700B33174 /* WebViewController.swift */ = {isa = PBXFileReference; fileEncoding = 4; lastKnownFileType = sourcecode.swift; path = WebViewController.swift; sourceTree = "<group>"; };
		B93553891D82EAFC00B33174 /* ServiceViewController.swift */ = {isa = PBXFileReference; fileEncoding = 4; lastKnownFileType = sourcecode.swift; path = ServiceViewController.swift; sourceTree = "<group>"; };
		B935538B1D83F5F800B33174 /* WebKit.framework */ = {isa = PBXFileReference; lastKnownFileType = wrapper.framework; name = WebKit.framework; path = System/Library/Frameworks/WebKit.framework; sourceTree = SDKROOT; };
		B93553901D84361800B33174 /* GridView.swift */ = {isa = PBXFileReference; fileEncoding = 4; lastKnownFileType = sourcecode.swift; path = GridView.swift; sourceTree = "<group>"; };
		B943B57C1D82A5500083AB5C /* Functions.swift */ = {isa = PBXFileReference; fileEncoding = 4; lastKnownFileType = sourcecode.swift; path = Functions.swift; sourceTree = "<group>"; };
		B943B57F1D82A5940083AB5C /* Values.swift */ = {isa = PBXFileReference; fileEncoding = 4; lastKnownFileType = sourcecode.swift; path = Values.swift; sourceTree = "<group>"; };
		B997847F1D82992D007FF20E /* zytyumin-iOS.app */ = {isa = PBXFileReference; explicitFileType = wrapper.application; includeInIndex = 0; path = "zytyumin-iOS.app"; sourceTree = BUILT_PRODUCTS_DIR; };
		B99784821D82992D007FF20E /* AppDelegate.swift */ = {isa = PBXFileReference; lastKnownFileType = sourcecode.swift; path = AppDelegate.swift; sourceTree = "<group>"; };
		B99784841D82992D007FF20E /* HomepageViewController.swift */ = {isa = PBXFileReference; lastKnownFileType = sourcecode.swift; path = HomepageViewController.swift; sourceTree = "<group>"; };
		B99784871D82992D007FF20E /* Base */ = {isa = PBXFileReference; lastKnownFileType = file.storyboard; name = Base; path = Base.lproj/Main.storyboard; sourceTree = "<group>"; };
		B997848A1D82992E007FF20E /* zytyumin_iOS.xcdatamodel */ = {isa = PBXFileReference; lastKnownFileType = wrapper.xcdatamodel; path = zytyumin_iOS.xcdatamodel; sourceTree = "<group>"; };
		B997848C1D82992E007FF20E /* Assets.xcassets */ = {isa = PBXFileReference; lastKnownFileType = folder.assetcatalog; path = Assets.xcassets; sourceTree = "<group>"; };
		B997848F1D82992E007FF20E /* Base */ = {isa = PBXFileReference; lastKnownFileType = file.storyboard; name = Base; path = Base.lproj/LaunchScreen.storyboard; sourceTree = "<group>"; };
		B99784911D82992E007FF20E /* Info.plist */ = {isa = PBXFileReference; lastKnownFileType = text.plist.xml; path = Info.plist; sourceTree = "<group>"; };
		B9AE5EA71D858B40003D9CF7 /* BounceAnimationController.swift */ = {isa = PBXFileReference; fileEncoding = 4; lastKnownFileType = sourcecode.swift; path = BounceAnimationController.swift; sourceTree = "<group>"; };
		B9AE5EA91D858C2E003D9CF7 /* SlideOutAnimationController.swift */ = {isa = PBXFileReference; fileEncoding = 4; lastKnownFileType = sourcecode.swift; path = SlideOutAnimationController.swift; sourceTree = "<group>"; };
		B9AE5EAB1D859794003D9CF7 /* LoginViewController.swift */ = {isa = PBXFileReference; fileEncoding = 4; lastKnownFileType = sourcecode.swift; path = LoginViewController.swift; sourceTree = "<group>"; };
		B9AE5EAD1D8632BE003D9CF7 /* SignupViewController.swift */ = {isa = PBXFileReference; fileEncoding = 4; lastKnownFileType = sourcecode.swift; path = SignupViewController.swift; sourceTree = "<group>"; };
/* End PBXFileReference section */

/* Begin PBXFrameworksBuildPhase section */
		B997847C1D82992D007FF20E /* Frameworks */ = {
			isa = PBXFrameworksBuildPhase;
			buildActionMask = 2147483647;
			files = (
				0685A574FD1CCCD15211A1AA /* Pods.framework in Frameworks */,
			);
			runOnlyForDeploymentPostprocessing = 0;
		};
/* End PBXFrameworksBuildPhase section */

/* Begin PBXGroup section */
		4E0FE5D84160310E756BE0A8 /* Pods */ = {
			isa = PBXGroup;
			children = (
				1F58680F4900C270D2D271CC /* Pods.debug.xcconfig */,
				604B702F45E618A5660A12FB /* Pods.release.xcconfig */,
			);
			name = Pods;
			sourceTree = "<group>";
		};
		B90810E71D854B81003735B9 /* MyClass */ = {
			isa = PBXGroup;
			children = (
				B9244C211D85856500E2809E /* DimmingPresentationController.swift */,
				B9AE5EA71D858B40003D9CF7 /* BounceAnimationController.swift */,
				B9AE5EA91D858C2E003D9CF7 /* SlideOutAnimationController.swift */,
				B9244C231D85896500E2809E /* GradientView.swift */,
				B90810E51D84F86D003735B9 /* MyAnnotation.swift */,
				B93553901D84361800B33174 /* GridView.swift */,
				B90810E81D854B95003735B9 /* Ship.swift */,
			);
			name = MyClass;
			sourceTree = "<group>";
		};
		B943B57E1D82A5680083AB5C /* Utils */ = {
			isa = PBXGroup;
			children = (
				B943B57C1D82A5500083AB5C /* Functions.swift */,
				B943B57F1D82A5940083AB5C /* Values.swift */,
			);
			name = Utils;
			sourceTree = "<group>";
		};
		B99784761D82992D007FF20E = {
			isa = PBXGroup;
			children = (
				B99784811D82992D007FF20E /* zytyumin-iOS */,
				B99784801D82992D007FF20E /* Products */,
				4E0FE5D84160310E756BE0A8 /* Pods */,
				C81963A87970D49864C99931 /* Frameworks */,
			);
			sourceTree = "<group>";
		};
		B99784801D82992D007FF20E /* Products */ = {
			isa = PBXGroup;
			children = (
				B997847F1D82992D007FF20E /* zytyumin-iOS.app */,
			);
			name = Products;
			sourceTree = "<group>";
		};
		B99784811D82992D007FF20E /* zytyumin-iOS */ = {
			isa = PBXGroup;
			children = (
				B99784821D82992D007FF20E /* AppDelegate.swift */,
				B90810EA1D854C1E003735B9 /* TabBarController.swift */,
				B99784841D82992D007FF20E /* HomepageViewController.swift */,
				B93553831D82A9DA00B33174 /* MapViewController.swift */,
				B93553851D82AA1300B33174 /* UserViewController.swift */,
				B93553871D82DDB700B33174 /* WebViewController.swift */,
				B93553891D82EAFC00B33174 /* ServiceViewController.swift */,
				B9244C1F1D857F1900E2809E /* ShipInfoViewController.swift */,
				B9AE5EAB1D859794003D9CF7 /* LoginViewController.swift */,
				B9AE5EAD1D8632BE003D9CF7 /* SignupViewController.swift */,
				B90810E71D854B81003735B9 /* MyClass */,
				B943B57E1D82A5680083AB5C /* Utils */,
				B99784861D82992D007FF20E /* Main.storyboard */,
				B997848E1D82992E007FF20E /* LaunchScreen.storyboard */,
				B997848C1D82992E007FF20E /* Assets.xcassets */,
				B9244C1C1D8578C800E2809E /* Podfile */,
				B99784911D82992E007FF20E /* Info.plist */,
				B99784891D82992E007FF20E /* zytyumin_iOS.xcdatamodeld */,
				B90810E21D84DA5C003735B9 /* zytyumin-iOS-Bridging-Header.h */,
			);
			path = "zytyumin-iOS";
			sourceTree = "<group>";
		};
		C81963A87970D49864C99931 /* Frameworks */ = {
			isa = PBXGroup;
			children = (
				B935538B1D83F5F800B33174 /* WebKit.framework */,
				24B369D574C3B43380993CC6 /* Pods.framework */,
			);
			name = Frameworks;
			sourceTree = "<group>";
		};
/* End PBXGroup section */

/* Begin PBXNativeTarget section */
		B997847E1D82992D007FF20E /* zytyumin-iOS */ = {
			isa = PBXNativeTarget;
			buildConfigurationList = B99784941D82992E007FF20E /* Build configuration list for PBXNativeTarget "zytyumin-iOS" */;
			buildPhases = (
				9D21C2883CBCC0DA0F511D79 /* Check Pods Manifest.lock */,
				B997847B1D82992D007FF20E /* Sources */,
				B997847C1D82992D007FF20E /* Frameworks */,
				B997847D1D82992D007FF20E /* Resources */,
				919DF82E3FB287A095A19FB4 /* Embed Pods Frameworks */,
				EC8FBEB154F57DBBDEBFA04B /* Copy Pods Resources */,
			);
			buildRules = (
			);
			dependencies = (
			);
			name = "zytyumin-iOS";
			productName = "zytyumin-iOS";
			productReference = B997847F1D82992D007FF20E /* zytyumin-iOS.app */;
			productType = "com.apple.product-type.application";
		};
/* End PBXNativeTarget section */

/* Begin PBXProject section */
		B99784771D82992D007FF20E /* Project object */ = {
			isa = PBXProject;
			attributes = {
				LastSwiftUpdateCheck = 0730;
				LastUpgradeCheck = 0730;
				ORGANIZATIONNAME = CETCME;
				TargetAttributes = {
					B997847E1D82992D007FF20E = {
						CreatedOnToolsVersion = 7.3.1;
						DevelopmentTeam = GN7256EV7F;
					};
				};
			};
			buildConfigurationList = B997847A1D82992D007FF20E /* Build configuration list for PBXProject "zytyumin-iOS" */;
			compatibilityVersion = "Xcode 3.2";
			developmentRegion = English;
			hasScannedForEncodings = 0;
			knownRegions = (
				en,
				Base,
			);
			mainGroup = B99784761D82992D007FF20E;
			productRefGroup = B99784801D82992D007FF20E /* Products */;
			projectDirPath = "";
			projectRoot = "";
			targets = (
				B997847E1D82992D007FF20E /* zytyumin-iOS */,
			);
		};
/* End PBXProject section */

/* Begin PBXResourcesBuildPhase section */
		B997847D1D82992D007FF20E /* Resources */ = {
			isa = PBXResourcesBuildPhase;
			buildActionMask = 2147483647;
			files = (
				B99784901D82992E007FF20E /* LaunchScreen.storyboard in Resources */,
				B997848D1D82992E007FF20E /* Assets.xcassets in Resources */,
				B9244C1D1D8578C800E2809E /* Podfile in Resources */,
				B99784881D82992D007FF20E /* Main.storyboard in Resources */,
			);
			runOnlyForDeploymentPostprocessing = 0;
		};
/* End PBXResourcesBuildPhase section */

/* Begin PBXShellScriptBuildPhase section */
		919DF82E3FB287A095A19FB4 /* Embed Pods Frameworks */ = {
			isa = PBXShellScriptBuildPhase;
			buildActionMask = 2147483647;
			files = (
			);
			inputPaths = (
			);
			name = "Embed Pods Frameworks";
			outputPaths = (
			);
			runOnlyForDeploymentPostprocessing = 0;
			shellPath = /bin/sh;
			shellScript = "\"${SRCROOT}/Pods/Target Support Files/Pods/Pods-frameworks.sh\"\n";
			showEnvVarsInLog = 0;
		};
		9D21C2883CBCC0DA0F511D79 /* Check Pods Manifest.lock */ = {
			isa = PBXShellScriptBuildPhase;
			buildActionMask = 2147483647;
			files = (
			);
			inputPaths = (
			);
			name = "Check Pods Manifest.lock";
			outputPaths = (
			);
			runOnlyForDeploymentPostprocessing = 0;
			shellPath = /bin/sh;
			shellScript = "diff \"${PODS_ROOT}/../Podfile.lock\" \"${PODS_ROOT}/Manifest.lock\" > /dev/null\nif [[ $? != 0 ]] ; then\n    cat << EOM\nerror: The sandbox is not in sync with the Podfile.lock. Run 'pod install' or update your CocoaPods installation.\nEOM\n    exit 1\nfi\n";
			showEnvVarsInLog = 0;
		};
		EC8FBEB154F57DBBDEBFA04B /* Copy Pods Resources */ = {
			isa = PBXShellScriptBuildPhase;
			buildActionMask = 2147483647;
			files = (
			);
			inputPaths = (
			);
			name = "Copy Pods Resources";
			outputPaths = (
			);
			runOnlyForDeploymentPostprocessing = 0;
			shellPath = /bin/sh;
			shellScript = "\"${SRCROOT}/Pods/Target Support Files/Pods/Pods-resources.sh\"\n";
			showEnvVarsInLog = 0;
		};
/* End PBXShellScriptBuildPhase section */

/* Begin PBXSourcesBuildPhase section */
		B997847B1D82992D007FF20E /* Sources */ = {
			isa = PBXSourcesBuildPhase;
			buildActionMask = 2147483647;
			files = (
				B935538A1D82EAFC00B33174 /* ServiceViewController.swift in Sources */,
				B90810EB1D854C1E003735B9 /* TabBarController.swift in Sources */,
				B9AE5EAE1D8632BE003D9CF7 /* SignupViewController.swift in Sources */,
				B90810E91D854B95003735B9 /* Ship.swift in Sources */,
				B90810E61D84F86D003735B9 /* MyAnnotation.swift in Sources */,
				B9AE5EAC1D859794003D9CF7 /* LoginViewController.swift in Sources */,
				B9AE5EA81D858B40003D9CF7 /* BounceAnimationController.swift in Sources */,
				B93553861D82AA1300B33174 /* UserViewController.swift in Sources */,
				B99784851D82992D007FF20E /* HomepageViewController.swift in Sources */,
				B9244C241D85896500E2809E /* GradientView.swift in Sources */,
				B93553841D82A9DA00B33174 /* MapViewController.swift in Sources */,
				B99784831D82992D007FF20E /* AppDelegate.swift in Sources */,
				B997848B1D82992E007FF20E /* zytyumin_iOS.xcdatamodeld in Sources */,
				B9AE5EAA1D858C2E003D9CF7 /* SlideOutAnimationController.swift in Sources */,
				B943B5801D82A5940083AB5C /* Values.swift in Sources */,
				B943B57D1D82A5500083AB5C /* Functions.swift in Sources */,
				B9244C221D85856500E2809E /* DimmingPresentationController.swift in Sources */,
				B93553911D84361800B33174 /* GridView.swift in Sources */,
				B9244C201D857F1900E2809E /* ShipInfoViewController.swift in Sources */,
				B93553881D82DDB700B33174 /* WebViewController.swift in Sources */,
			);
			runOnlyForDeploymentPostprocessing = 0;
		};
/* End PBXSourcesBuildPhase section */

/* Begin PBXVariantGroup section */
		B99784861D82992D007FF20E /* Main.storyboard */ = {
			isa = PBXVariantGroup;
			children = (
				B99784871D82992D007FF20E /* Base */,
			);
			name = Main.storyboard;
			sourceTree = "<group>";
		};
		B997848E1D82992E007FF20E /* LaunchScreen.storyboard */ = {
			isa = PBXVariantGroup;
			children = (
				B997848F1D82992E007FF20E /* Base */,
			);
			name = LaunchScreen.storyboard;
			sourceTree = "<group>";
		};
/* End PBXVariantGroup section */

/* Begin XCBuildConfiguration section */
		B99784921D82992E007FF20E /* Debug */ = {
			isa = XCBuildConfiguration;
			buildSettings = {
				ALWAYS_SEARCH_USER_PATHS = NO;
				CLANG_ANALYZER_NONNULL = YES;
				CLANG_CXX_LANGUAGE_STANDARD = "gnu++0x";
				CLANG_CXX_LIBRARY = "libc++";
				CLANG_ENABLE_MODULES = YES;
				CLANG_ENABLE_OBJC_ARC = YES;
				CLANG_WARN_BOOL_CONVERSION = YES;
				CLANG_WARN_CONSTANT_CONVERSION = YES;
				CLANG_WARN_DIRECT_OBJC_ISA_USAGE = YES_ERROR;
				CLANG_WARN_EMPTY_BODY = YES;
				CLANG_WARN_ENUM_CONVERSION = YES;
				CLANG_WARN_INT_CONVERSION = YES;
				CLANG_WARN_OBJC_ROOT_CLASS = YES_ERROR;
				CLANG_WARN_UNREACHABLE_CODE = YES;
				CLANG_WARN__DUPLICATE_METHOD_MATCH = YES;
				"CODE_SIGN_IDENTITY[sdk=iphoneos*]" = "iPhone Developer";
				COPY_PHASE_STRIP = NO;
				DEBUG_INFORMATION_FORMAT = dwarf;
				ENABLE_STRICT_OBJC_MSGSEND = YES;
				ENABLE_TESTABILITY = YES;
				GCC_C_LANGUAGE_STANDARD = gnu99;
				GCC_DYNAMIC_NO_PIC = NO;
				GCC_NO_COMMON_BLOCKS = YES;
				GCC_OPTIMIZATION_LEVEL = 0;
				GCC_PREPROCESSOR_DEFINITIONS = (
					"DEBUG=1",
					"$(inherited)",
				);
				GCC_WARN_64_TO_32_BIT_CONVERSION = YES;
				GCC_WARN_ABOUT_RETURN_TYPE = YES_ERROR;
				GCC_WARN_UNDECLARED_SELECTOR = YES;
				GCC_WARN_UNINITIALIZED_AUTOS = YES_AGGRESSIVE;
				GCC_WARN_UNUSED_FUNCTION = YES;
				GCC_WARN_UNUSED_VARIABLE = YES;
				IPHONEOS_DEPLOYMENT_TARGET = 9.3;
				MTL_ENABLE_DEBUG_INFO = YES;
				ONLY_ACTIVE_ARCH = YES;
				SDKROOT = iphoneos;
				SWIFT_OPTIMIZATION_LEVEL = "-Onone";
			};
			name = Debug;
		};
		B99784931D82992E007FF20E /* Release */ = {
			isa = XCBuildConfiguration;
			buildSettings = {
				ALWAYS_SEARCH_USER_PATHS = NO;
				CLANG_ANALYZER_NONNULL = YES;
				CLANG_CXX_LANGUAGE_STANDARD = "gnu++0x";
				CLANG_CXX_LIBRARY = "libc++";
				CLANG_ENABLE_MODULES = YES;
				CLANG_ENABLE_OBJC_ARC = YES;
				CLANG_WARN_BOOL_CONVERSION = YES;
				CLANG_WARN_CONSTANT_CONVERSION = YES;
				CLANG_WARN_DIRECT_OBJC_ISA_USAGE = YES_ERROR;
				CLANG_WARN_EMPTY_BODY = YES;
				CLANG_WARN_ENUM_CONVERSION = YES;
				CLANG_WARN_INT_CONVERSION = YES;
				CLANG_WARN_OBJC_ROOT_CLASS = YES_ERROR;
				CLANG_WARN_UNREACHABLE_CODE = YES;
				CLANG_WARN__DUPLICATE_METHOD_MATCH = YES;
				"CODE_SIGN_IDENTITY[sdk=iphoneos*]" = "iPhone Developer";
				COPY_PHASE_STRIP = NO;
				DEBUG_INFORMATION_FORMAT = "dwarf-with-dsym";
				ENABLE_NS_ASSERTIONS = NO;
				ENABLE_STRICT_OBJC_MSGSEND = YES;
				GCC_C_LANGUAGE_STANDARD = gnu99;
				GCC_NO_COMMON_BLOCKS = YES;
				GCC_WARN_64_TO_32_BIT_CONVERSION = YES;
				GCC_WARN_ABOUT_RETURN_TYPE = YES_ERROR;
				GCC_WARN_UNDECLARED_SELECTOR = YES;
				GCC_WARN_UNINITIALIZED_AUTOS = YES_AGGRESSIVE;
				GCC_WARN_UNUSED_FUNCTION = YES;
				GCC_WARN_UNUSED_VARIABLE = YES;
				IPHONEOS_DEPLOYMENT_TARGET = 9.3;
				MTL_ENABLE_DEBUG_INFO = NO;
				SDKROOT = iphoneos;
				VALIDATE_PRODUCT = YES;
			};
			name = Release;
		};
		B99784951D82992E007FF20E /* Debug */ = {
			isa = XCBuildConfiguration;
			baseConfigurationReference = 1F58680F4900C270D2D271CC /* Pods.debug.xcconfig */;
			buildSettings = {
				ASSETCATALOG_COMPILER_APPICON_NAME = AppIcon;
				CLANG_ENABLE_MODULES = YES;
				CODE_SIGN_IDENTITY = "iPhone Developer";
				ENABLE_BITCODE = NO;
				GCC_INPUT_FILETYPE = sourcecode.cpp.objcpp;
				INFOPLIST_FILE = "zytyumin-iOS/Info.plist";
				IPHONEOS_DEPLOYMENT_TARGET = 8.0;
				LD_RUNPATH_SEARCH_PATHS = "$(inherited) @executable_path/Frameworks";
				OTHER_LDFLAGS = (
					"$(inherited)",
					"-l\"sqlite3.0\"",
					"-l\"stdc++.6.0.9\"",
					"-framework",
					"\"Alamofire\"",
					"-framework",
					"\"BaiduMapAPI_Base\"",
					"-framework",
					"\"BaiduMapAPI_Cloud\"",
					"-framework",
					"\"BaiduMapAPI_Location\"",
					"-framework",
					"\"BaiduMapAPI_Map\"",
					"-framework",
					"\"BaiduMapAPI_Radar\"",
					"-framework",
					"\"BaiduMapAPI_Search\"",
					"-framework",
					"\"BaiduMapAPI_Utils\"",
					"-framework",
					"\"CoreGraphics\"",
					"-framework",
					"\"CoreLocation\"",
					"-framework",
					"\"CoreTelephony\"",
					"-framework",
					"\"MJRefresh\"",
					"-framework",
					"\"OpenGLES\"",
					"-framework",
					"\"QuartzCore\"",
					"-framework",
					"\"SDCycleScrollView\"",
					"-framework",
					"\"SDWebImage\"",
					"-framework",
					"\"Security\"",
					"-framework",
					"\"SwiftyJSON\"",
					"-framework",
					"\"SystemConfiguration\"",
				);
				PRODUCT_BUNDLE_IDENTIFIER = "com.CETCME.zytyumin-iOS";
				PRODUCT_NAME = "$(TARGET_NAME)";
				SWIFT_OBJC_BRIDGING_HEADER = "zytyumin-iOS/zytyumin-iOS-Bridging-Header.h";
				SWIFT_OPTIMIZATION_LEVEL = "-Onone";
				TARGETED_DEVICE_FAMILY = 1;
			};
			name = Debug;
		};
		B99784961D82992E007FF20E /* Release */ = {
			isa = XCBuildConfiguration;
			baseConfigurationReference = 604B702F45E618A5660A12FB /* Pods.release.xcconfig */;
			buildSettings = {
				ASSETCATALOG_COMPILER_APPICON_NAME = AppIcon;
				CLANG_ENABLE_MODULES = YES;
				CODE_SIGN_IDENTITY = "iPhone Developer";
				ENABLE_BITCODE = NO;
				GCC_INPUT_FILETYPE = sourcecode.cpp.objcpp;
				INFOPLIST_FILE = "zytyumin-iOS/Info.plist";
				IPHONEOS_DEPLOYMENT_TARGET = 8.0;
				LD_RUNPATH_SEARCH_PATHS = "$(inherited) @executable_path/Frameworks";
				OTHER_LDFLAGS = (
					"$(inherited)",
					"-l\"sqlite3.0\"",
					"-l\"stdc++.6.0.9\"",
					"-framework",
					"\"Alamofire\"",
					"-framework",
					"\"BaiduMapAPI_Base\"",
					"-framework",
					"\"BaiduMapAPI_Cloud\"",
					"-framework",
					"\"BaiduMapAPI_Location\"",
					"-framework",
					"\"BaiduMapAPI_Map\"",
					"-framework",
					"\"BaiduMapAPI_Radar\"",
					"-framework",
					"\"BaiduMapAPI_Search\"",
					"-framework",
					"\"BaiduMapAPI_Utils\"",
					"-framework",
					"\"CoreGraphics\"",
					"-framework",
					"\"CoreLocation\"",
					"-framework",
					"\"CoreTelephony\"",
					"-framework",
					"\"MJRefresh\"",
					"-framework",
					"\"OpenGLES\"",
					"-framework",
					"\"QuartzCore\"",
					"-framework",
					"\"SDCycleScrollView\"",
					"-framework",
					"\"SDWebImage\"",
					"-framework",
					"\"Security\"",
					"-framework",
					"\"SwiftyJSON\"",
					"-framework",
					"\"SystemConfiguration\"",
				);
				PRODUCT_BUNDLE_IDENTIFIER = "com.CETCME.zytyumin-iOS";
				PRODUCT_NAME = "$(TARGET_NAME)";
				SWIFT_OBJC_BRIDGING_HEADER = "zytyumin-iOS/zytyumin-iOS-Bridging-Header.h";
				TARGETED_DEVICE_FAMILY = 1;
			};
			name = Release;
		};
/* End XCBuildConfiguration section */

/* Begin XCConfigurationList section */
		B997847A1D82992D007FF20E /* Build configuration list for PBXProject "zytyumin-iOS" */ = {
			isa = XCConfigurationList;
			buildConfigurations = (
				B99784921D82992E007FF20E /* Debug */,
				B99784931D82992E007FF20E /* Release */,
			);
			defaultConfigurationIsVisible = 0;
			defaultConfigurationName = Release;
		};
		B99784941D82992E007FF20E /* Build configuration list for PBXNativeTarget "zytyumin-iOS" */ = {
			isa = XCConfigurationList;
			buildConfigurations = (
				B99784951D82992E007FF20E /* Debug */,
				B99784961D82992E007FF20E /* Release */,
			);
			defaultConfigurationIsVisible = 0;
			defaultConfigurationName = Release;
		};
/* End XCConfigurationList section */

/* Begin XCVersionGroup section */
		B99784891D82992E007FF20E /* zytyumin_iOS.xcdatamodeld */ = {
			isa = XCVersionGroup;
			children = (
				B997848A1D82992E007FF20E /* zytyumin_iOS.xcdatamodel */,
			);
			currentVersion = B997848A1D82992E007FF20E /* zytyumin_iOS.xcdatamodel */;
			path = zytyumin_iOS.xcdatamodeld;
			sourceTree = "<group>";
			versionGroupType = wrapper.xcdatamodel;
		};
/* End XCVersionGroup section */
	};
	rootObject = B99784771D82992D007FF20E /* Project object */;
}
